{
    "_readme": [
        "This file locks the dependencies of your project to a known state",
        "Read more about it at https://getcomposer.org/doc/01-basic-usage.md#installing-dependencies",
        "This file is @generated automatically"
    ],
    "content-hash": "4a16c3c541bd99241cab1c21ce8e83ac",
    "packages": [
        {
            "name": "asm89/stack-cors",
            "version": "v2.0.2",
            "source": {
                "type": "git",
                "url": "https://github.com/asm89/stack-cors.git",
                "reference": "8d8f88b3b3830916be94292c1fbce84433efb1aa"
            },
            "dist": {
                "type": "zip",
                "url": "https://api.github.com/repos/asm89/stack-cors/zipball/8d8f88b3b3830916be94292c1fbce84433efb1aa",
                "reference": "8d8f88b3b3830916be94292c1fbce84433efb1aa",
                "shasum": ""
            },
            "require": {
                "php": "^7.0|^8.0",
                "symfony/http-foundation": "~2.7|~3.0|~4.0|~5.0",
                "symfony/http-kernel": "~2.7|~3.0|~4.0|~5.0"
            },
            "require-dev": {
                "phpunit/phpunit": "^6|^7|^8|^9",
                "squizlabs/php_codesniffer": "^3.5"
            },
            "type": "library",
            "extra": {
                "branch-alias": {
                    "dev-master": "2.0-dev"
                }
            },
            "autoload": {
                "psr-4": {
                    "Asm89\\Stack\\": "src/"
                }
            },
            "notification-url": "https://packagist.org/downloads/",
            "license": [
                "MIT"
            ],
            "authors": [
                {
                    "name": "Alexander",
                    "email": "iam.asm89@gmail.com"
                }
            ],
            "description": "Cross-origin resource sharing library and stack middleware",
            "homepage": "https://github.com/asm89/stack-cors",
            "keywords": [
                "cors",
                "stack"
            ],
            "support": {
                "issues": "https://github.com/asm89/stack-cors/issues",
                "source": "https://github.com/asm89/stack-cors/tree/v2.0.2"
            },
            "time": "2020-10-29T16:03:21+00:00"
        },
        {
            "name": "brick/math",
            "version": "0.9.2",
            "source": {
                "type": "git",
                "url": "https://github.com/brick/math.git",
                "reference": "dff976c2f3487d42c1db75a3b180e2b9f0e72ce0"
            },
            "dist": {
                "type": "zip",
                "url": "https://api.github.com/repos/brick/math/zipball/dff976c2f3487d42c1db75a3b180e2b9f0e72ce0",
                "reference": "dff976c2f3487d42c1db75a3b180e2b9f0e72ce0",
                "shasum": ""
            },
            "require": {
                "ext-json": "*",
                "php": "^7.1 || ^8.0"
            },
            "require-dev": {
                "php-coveralls/php-coveralls": "^2.2",
                "phpunit/phpunit": "^7.5.15 || ^8.5 || ^9.0",
                "vimeo/psalm": "4.3.2"
            },
            "type": "library",
            "autoload": {
                "psr-4": {
                    "Brick\\Math\\": "src/"
                }
            },
            "notification-url": "https://packagist.org/downloads/",
            "license": [
                "MIT"
            ],
            "description": "Arbitrary-precision arithmetic library",
            "keywords": [
                "Arbitrary-precision",
                "BigInteger",
                "BigRational",
                "arithmetic",
                "bigdecimal",
                "bignum",
                "brick",
                "math"
            ],
            "support": {
                "issues": "https://github.com/brick/math/issues",
                "source": "https://github.com/brick/math/tree/0.9.2"
            },
            "funding": [
                {
                    "url": "https://tidelift.com/funding/github/packagist/brick/math",
                    "type": "tidelift"
                }
            ],
            "time": "2021-01-20T22:51:39+00:00"
        },
        {
            "name": "dnoegel/php-xdg-base-dir",
            "version": "v0.1.1",
            "source": {
                "type": "git",
                "url": "https://github.com/dnoegel/php-xdg-base-dir.git",
                "reference": "8f8a6e48c5ecb0f991c2fdcf5f154a47d85f9ffd"
            },
            "dist": {
                "type": "zip",
                "url": "https://api.github.com/repos/dnoegel/php-xdg-base-dir/zipball/8f8a6e48c5ecb0f991c2fdcf5f154a47d85f9ffd",
                "reference": "8f8a6e48c5ecb0f991c2fdcf5f154a47d85f9ffd",
                "shasum": ""
            },
            "require": {
                "php": ">=5.3.2"
            },
            "require-dev": {
                "phpunit/phpunit": "~7.0|~6.0|~5.0|~4.8.35"
            },
            "type": "library",
            "autoload": {
                "psr-4": {
                    "XdgBaseDir\\": "src/"
                }
            },
            "version": "1.0.3",
            "source": {
                "type": "git",
                "url": "https://github.com/sebastianbergmann/lines-of-code.git",
                "reference": "c1c2e997aa3146983ed888ad08b15470a2e22ecc"
                "reference": "c1c2e997aa3146983ed888ad08b15470a2e22ecc"
            "source": {
                "type": "git",
                "url": "https://github.com/sebastianbergmann/object-enumerator.git",
                "reference": "5c9eeac41b290a3712d88851518825ad78f45c71"
            },
            "dist": {
                "type": "zip",
                "url": "https://api.github.com/repos/sebastianbergmann/object-enumerator/zipball/5c9eeac41b290a3712d88851518825ad78f45c71",
                "reference": "5c9eeac41b290a3712d88851518825ad78f45c71",
                "shasum": ""
            },
            "require": {
                "php": ">=7.3",
                "sebastian/object-reflector": "^2.0",
                "sebastian/recursion-context": "^4.0"
            },
            "require-dev": {
                "phpunit/phpunit": "^9.3"
            },
            "type": "library",
            "extra": {
                "branch-alias": {
                "issues": "https://github.com/sebastianbergmann/object-enumerator/issues",
                "source": "https://github.com/sebastianbergmann/object-enumerator/tree/4.0.4"
            },
            "funding": [
                {
                    "url": "https://github.com/sebastianbergmann",
                    "type": "github"
                }
            ],
            "time": "2020-10-26T13:12:34+00:00"
        },
        {
            "name": "sebastian/object-reflector",
            "version": "2.0.4",
            "source": {
                "type": "git",
                "url": "https://github.com/sebastianbergmann/object-reflector.git",
                "reference": "b4f479ebdbf63ac605d183ece17d8d7fe49c15c7"
            },
            "dist": {
                "type": "zip",
                "url": "https://api.github.com/repos/sebastianbergmann/object-reflector/zipball/b4f479ebdbf63ac605d183ece17d8d7fe49c15c7",
                "reference": "b4f479ebdbf63ac605d183ece17d8d7fe49c15c7",
                "shasum": ""
            },
            "require": {
                "nikic/php-parser": "^4.6",
                "php": ">=7.3"
            },
            "require-dev": {
                "phpunit/phpunit": "^9.3"
            },
            "type": "library",
            "extra": {
                "branch-alias": {
                    "dev-master": "1.0-dev"
                }
            },
            "autoload": {
            },
            "dist": {
                "type": "zip",
                "url": "https://api.github.com/repos/sebastianbergmann/lines-of-code/zipball/c1c2e997aa3146983ed888ad08b15470a2e22ecc",
                "reference": "c1c2e997aa3146983ed888ad08b15470a2e22ecc",
                "shasum": ""
            },
            "require": {
                "nikic/php-parser": "^4.6",
                "php": ">=7.3"
            },
            "require-dev": {
                "phpunit/phpunit": "^9.3"
            },
            "type": "library",
            ],
            "authors": [
                {
                    "name": "Sebastian Bergmann",
                    "email": "sebastian@phpunit.de",
                    "role": "lead"
                }
            ],
            "description": "Library for counting the lines of code in PHP source code",
            "homepage": "https://github.com/sebastianbergmann/lines-of-code",
            "support": {
                "issues": "https://github.com/sebastianbergmann/lines-of-code/issues",
                "source": "https://github.com/sebastianbergmann/lines-of-code/tree/1.0.3"
            },
            "funding": [
                {
                    "url": "https://github.com/sebastianbergmann",
                    "type": "github"
                }
            },
            "dist": {
                "type": "zip",
                "url": "https://api.github.com/repos/sebastianbergmann/lines-of-code/zipball/c1c2e997aa3146983ed888ad08b15470a2e22ecc",
                "reference": "c1c2e997aa3146983ed888ad08b15470a2e22ecc",
                "shasum": ""
            },
            "require": {
                "nikic/php-parser": "^4.6",
                "php": ">=7.3"
            },
            "require-dev": {
                "phpunit/phpunit": "^9.3"
            },
            "type": "library",
        {
            "name": "doctrine/inflector",
            "version": "2.0.3",
            "source": {
                "type": "git",
                "url": "https://github.com/doctrine/inflector.git",
                "reference": "9cf661f4eb38f7c881cac67c75ea9b00bf97b210"
            },
            "dist": {
                "type": "zip",
                "url": "https://api.github.com/repos/doctrine/inflector/zipball/9cf661f4eb38f7c881cac67c75ea9b00bf97b210",
            "authors": [
                {
                    "name": "Sebastian Bergmann",
                    "email": "sebastian@phpunit.de",
                    "role": "lead"
                }
            ],
            "description": "Library for parsing CLI options",
            "homepage": "https://github.com/sebastianbergmann/cli-parser",
            "support": {
                "issues": "https://github.com/sebastianbergmann/cli-parser/issues",
                "source": "https://github.com/sebastianbergmann/cli-parser/tree/1.0.1"
            },
            "funding": [
                {
                    "url": "https://github.com/sebastianbergmann",
                    "type": "github"
                }
            ],
            "time": "2020-09-28T06:08:49+00:00"
        },
        {
            "name": "sebastian/code-unit",
            "version": "1.0.8",
                "branch-alias": {
                    "dev-master": "5.0-dev"
                }
            },
            "autoload": {
                "classmap": [
                    "src/"
                ]
            },
            "notification-url": "https://packagist.org/downloads/",
            "license": [
                "BSD-3-Clause"
            ],
            "authors": [
                {
                    "name": "Sebastian Bergmann",
                    "email": "sebastian@phpunit.de"
                }
            ],
            "description": "Snapshotting of global state",
            "homepage": "http://www.github.com/sebastianbergmann/global-state",
            "keywords": [
